{
    "_readme": [
        "This file locks the dependencies of your project to a known state",
        "Read more about it at https://getcomposer.org/doc/01-basic-usage.md#composer-lock-the-lock-file",
        "This file is @generated automatically"
    ],
    "content-hash": "897d72e52d29de841b07285365536f31",
    "packages": [
        {
            "name": "cinetpay/cinetpay-php",
            "version": "1.9.1",
            "source": {
                "type": "git",
                "url": "https://github.com/cinetpay/cinetpay-php-legacy.git",
                "reference": "f8d1211e615537cf20d7bdb8bbde889b975d2f68"
            },
            "dist": {
                "type": "zip",
                "url": "https://api.github.com/repos/cinetpay/cinetpay-php-legacy/zipball/f8d1211e615537cf20d7bdb8bbde889b975d2f68",
                "reference": "f8d1211e615537cf20d7bdb8bbde889b975d2f68",
                "shasum": ""
            },
            "require": {
                "php": ">=5.6.0"
            },
            "type": "library",
            "autoload": {
                "psr-0": {
                    "CinetPay": "src/"
                }
            },
            "notification-url": "https://packagist.org/downloads/",
            "license": [
                "MIT"
            ],
            "authors": [
                {
                    "name": "Fawaz Adisa",
                    "email": "adisaf@programmer.net",
                    "role": "Developer"
                }
            ],
            "description": "easily integrate cinetpay's gateway on your php web site.",
            "homepage": "https://github.com/cinetpay/cinetpay-php-sdk",
            "keywords": [
                "cinetpay",
                "integration",
                "mobile",
                "money"
            ],
            "time": "2018-05-24T00:00:00+00:00"
        }
    ],
    "packages-dev": [],
    "aliases": [],
    "minimum-stability": "stable",
    "stability-flags": [],
    "prefer-stable": false,
    "prefer-lowest": false,
    "platform": [],
    "platform-dev": []
}
